// !$*UTF8*$!
{
	archiveVersion = 1;
	classes = {
	};
	objectVersion = 55;
	objects = {

/* Begin PBXBuildFile section */
		BF985D0128AA24D5001E4857 /* AppDelegate.swift in Sources */ = {isa = PBXBuildFile; fileRef = BF985D0028AA24D5001E4857 /* AppDelegate.swift */; };
		BF985D0328AA24D5001E4857 /* SceneDelegate.swift in Sources */ = {isa = PBXBuildFile; fileRef = BF985D0228AA24D5001E4857 /* SceneDelegate.swift */; };
		BF985D0528AA24D5001E4857 /* ViewController.swift in Sources */ = {isa = PBXBuildFile; fileRef = BF985D0428AA24D5001E4857 /* ViewController.swift */; };
		BF985D0828AA24D5001E4857 /* Main.storyboard in Resources */ = {isa = PBXBuildFile; fileRef = BF985D0628AA24D5001E4857 /* Main.storyboard */; };
		BF985D0A28AA24D6001E4857 /* Assets.xcassets in Resources */ = {isa = PBXBuildFile; fileRef = BF985D0928AA24D6001E4857 /* Assets.xcassets */; };
		BF985D0D28AA24D6001E4857 /* LaunchScreen.storyboard in Resources */ = {isa = PBXBuildFile; fileRef = BF985D0B28AA24D6001E4857 /* LaunchScreen.storyboard */; };
		BF985D1728AA6DD0001E4857 /* VideoViewController.swift in Sources */ = {isa = PBXBuildFile; fileRef = BF985D1628AA6DD0001E4857 /* VideoViewController.swift */; };
		BF985D1928AA7D23001E4857 /* bmi.mp4 in Resources */ = {isa = PBXBuildFile; fileRef = BF985D1828AA7D23001E4857 /* bmi.mp4 */; };
		BF985D3028AA912A001E4857 /* WebViewController.swift in Sources */ = {isa = PBXBuildFile; fileRef = BF985D2F28AA912A001E4857 /* WebViewController.swift */; };
		BFC7572D28AABA0C005A3B0B /* CustomTabBarVC.swift in Sources */ = {isa = PBXBuildFile; fileRef = BFC7572C28AABA0C005A3B0B /* CustomTabBarVC.swift */; };
		BFC7572F28AABA13005A3B0B /* TabBarVC.swift in Sources */ = {isa = PBXBuildFile; fileRef = BFC7572E28AABA13005A3B0B /* TabBarVC.swift */; };
/* End PBXBuildFile section */

/* Begin PBXFileReference section */
		BF985CFD28AA24D5001E4857 /* SimpleBMI.app */ = {isa = PBXFileReference; explicitFileType = wrapper.application; includeInIndex = 0; path = SimpleBMI.app; sourceTree = BUILT_PRODUCTS_DIR; };
		BF985D0028AA24D5001E4857 /* AppDelegate.swift */ = {isa = PBXFileReference; lastKnownFileType = sourcecode.swift; path = AppDelegate.swift; sourceTree = "<group>"; };
		BF985D0228AA24D5001E4857 /* SceneDelegate.swift */ = {isa = PBXFileReference; lastKnownFileType = sourcecode.swift; path = SceneDelegate.swift; sourceTree = "<group>"; };
		BF985D0428AA24D5001E4857 /* ViewController.swift */ = {isa = PBXFileReference; lastKnownFileType = sourcecode.swift; path = ViewController.swift; sourceTree = "<group>"; };
		BF985D0728AA24D5001E4857 /* Base */ = {isa = PBXFileReference; lastKnownFileType = file.storyboard; name = Base; path = Base.lproj/Main.storyboard; sourceTree = "<group>"; };
		BF985D0928AA24D6001E4857 /* Assets.xcassets */ = {isa = PBXFileReference; lastKnownFileType = folder.assetcatalog; path = Assets.xcassets; sourceTree = "<group>"; };
		BF985D0C28AA24D6001E4857 /* Base */ = {isa = PBXFileReference; lastKnownFileType = file.storyboard; name = Base; path = Base.lproj/LaunchScreen.storyboard; sourceTree = "<group>"; };
		BF985D0E28AA24D6001E4857 /* Info.plist */ = {isa = PBXFileReference; lastKnownFileType = text.plist.xml; path = Info.plist; sourceTree = "<group>"; };
		BF985D1628AA6DD0001E4857 /* VideoViewController.swift */ = {isa = PBXFileReference; lastKnownFileType = sourcecode.swift; path = VideoViewController.swift; sourceTree = "<group>"; };
		BF985D1828AA7D23001E4857 /* bmi.mp4 */ = {isa = PBXFileReference; lastKnownFileType = file; path = bmi.mp4; sourceTree = "<group>"; };
		BF985D2F28AA912A001E4857 /* WebViewController.swift */ = {isa = PBXFileReference; lastKnownFileType = sourcecode.swift; path = WebViewController.swift; sourceTree = "<group>"; };
		BFC7572C28AABA0C005A3B0B /* CustomTabBarVC.swift */ = {isa = PBXFileReference; fileEncoding = 4; lastKnownFileType = sourcecode.swift; path = CustomTabBarVC.swift; sourceTree = "<group>"; };
		BFC7572E28AABA13005A3B0B /* TabBarVC.swift */ = {isa = PBXFileReference; fileEncoding = 4; lastKnownFileType = sourcecode.swift; path = TabBarVC.swift; sourceTree = "<group>"; };
/* End PBXFileReference section */

/* Begin PBXFrameworksBuildPhase section */
		BF985CFA28AA24D5001E4857 /* Frameworks */ = {
			isa = PBXFrameworksBuildPhase;
			buildActionMask = 2147483647;
			files = (
			);
			runOnlyForDeploymentPostprocessing = 0;
		};
/* End PBXFrameworksBuildPhase section */

/* Begin PBXGroup section */
		BF985CF428AA24D5001E4857 = {
			isa = PBXGroup;
			children = (
				BF985CFF28AA24D5001E4857 /* SimpleBMI */,
				BF985CFE28AA24D5001E4857 /* Products */,
			);
			sourceTree = "<group>";
		};
		BF985CFE28AA24D5001E4857 /* Products */ = {
			isa = PBXGroup;
			children = (
				BF985CFD28AA24D5001E4857 /* SimpleBMI.app */,
			);
			name = Products;
			sourceTree = "<group>";
		};
		BF985CFF28AA24D5001E4857 /* SimpleBMI */ = {
			isa = PBXGroup;
			children = (
				BF985D0028AA24D5001E4857 /* AppDelegate.swift */,
				BF985D0228AA24D5001E4857 /* SceneDelegate.swift */,
				BFC7572E28AABA13005A3B0B /* TabBarVC.swift */,
				BFC7572C28AABA0C005A3B0B /* CustomTabBarVC.swift */,
				BF985D0428AA24D5001E4857 /* ViewController.swift */,
				BF985D0628AA24D5001E4857 /* Main.storyboard */,
				BF985D2F28AA912A001E4857 /* WebViewController.swift */,
				BF985D1628AA6DD0001E4857 /* VideoViewController.swift */,
				BF985D0928AA24D6001E4857 /* Assets.xcassets */,
				BF985D1828AA7D23001E4857 /* bmi.mp4 */,
				BF985D0B28AA24D6001E4857 /* LaunchScreen.storyboard */,
				BF985D0E28AA24D6001E4857 /* Info.plist */,
			);
			path = SimpleBMI;
			sourceTree = "<group>";
		};
/* End PBXGroup section */

/* Begin PBXNativeTarget section */
		BF985CFC28AA24D5001E4857 /* SimpleBMI */ = {
			isa = PBXNativeTarget;
			buildConfigurationList = BF985D1128AA24D6001E4857 /* Build configuration list for PBXNativeTarget "SimpleBMI" */;
			buildPhases = (
				BF985CF928AA24D5001E4857 /* Sources */,
				BF985CFA28AA24D5001E4857 /* Frameworks */,
				BF985CFB28AA24D5001E4857 /* Resources */,
			);
			buildRules = (
			);
			dependencies = (
			);
			name = SimpleBMI;
			productName = SimpleBMI;
			productReference = BF985CFD28AA24D5001E4857 /* SimpleBMI.app */;
			productType = "com.apple.product-type.application";
		};
/* End PBXNativeTarget section */

/* Begin PBXProject section */
		BF985CF528AA24D5001E4857 /* Project object */ = {
			isa = PBXProject;
			attributes = {
				BuildIndependentTargetsInParallel = 1;
				LastSwiftUpdateCheck = 1340;
				LastUpgradeCheck = 1340;
				TargetAttributes = {
					BF985CFC28AA24D5001E4857 = {
						CreatedOnToolsVersion = 13.4.1;
					};
				};
			};
			buildConfigurationList = BF985CF828AA24D5001E4857 /* Build configuration list for PBXProject "SimpleBMI" */;
			compatibilityVersion = "Xcode 13.0";
			developmentRegion = en;
			hasScannedForEncodings = 0;
			knownRegions = (
				en,
				Base,
			);
			mainGroup = BF985CF428AA24D5001E4857;
			productRefGroup = BF985CFE28AA24D5001E4857 /* Products */;
			projectDirPath = "";
			projectRoot = "";
			targets = (
				BF985CFC28AA24D5001E4857 /* SimpleBMI */,
			);
		};
/* End PBXProject section */

/* Begin PBXResourcesBuildPhase section */
		BF985CFB28AA24D5001E4857 /* Resources */ = {
			isa = PBXResourcesBuildPhase;
			buildActionMask = 2147483647;
			files = (
				BF985D1928AA7D23001E4857 /* bmi.mp4 in Resources */,
				BF985D0D28AA24D6001E4857 /* LaunchScreen.storyboard in Resources */,
				BF985D0A28AA24D6001E4857 /* Assets.xcassets in Resources */,
				BF985D0828AA24D5001E4857 /* Main.storyboard in Resources */,
			);
			runOnlyForDeploymentPostprocessing = 0;
		};
/* End PBXResourcesBuildPhase section */

/* Begin PBXSourcesBuildPhase section */
		BF985CF928AA24D5001E4857 /* Sources */ = {
			isa = PBXSourcesBuildPhase;
			buildActionMask = 2147483647;
			files = (
				BFC7572F28AABA13005A3B0B /* TabBarVC.swift in Sources */,
				BF985D0528AA24D5001E4857 /* ViewController.swift in Sources */,
				BF985D0128AA24D5001E4857 /* AppDelegate.swift in Sources */,
				BF985D1728AA6DD0001E4857 /* VideoViewController.swift in Sources */,
				BFC7572D28AABA0C005A3B0B /* CustomTabBarVC.swift in Sources */,
				BF985D3028AA912A001E4857 /* WebViewController.swift in Sources */,
				BF985D0328AA24D5001E4857 /* SceneDelegate.swift in Sources */,
			);
			runOnlyForDeploymentPostprocessing = 0;
		};
/* End PBXSourcesBuildPhase section */

/* Begin PBXVariantGroup section */
		BF985D0628AA24D5001E4857 /* Main.storyboard */ = {
			isa = PBXVariantGroup;
			children = (
				BF985D0728AA24D5001E4857 /* Base */,
			);
			name = Main.storyboard;
			sourceTree = "<group>";
		};
		BF985D0B28AA24D6001E4857 /* LaunchScreen.storyboard */ = {
			isa = PBXVariantGroup;
			children = (
				BF985D0C28AA24D6001E4857 /* Base */,
			);
			name = LaunchScreen.storyboard;
			sourceTree = "<group>";
		};
/* End PBXVariantGroup section */

/* Begin XCBuildConfiguration section */
		BF985D0F28AA24D6001E4857 /* Debug */ = {
			isa = XCBuildConfiguration;
			buildSettings = {
				ALWAYS_SEARCH_USER_PATHS = NO;
				CLANG_ANALYZER_NONNULL = YES;
				CLANG_ANALYZER_NUMBER_OBJECT_CONVERSION = YES_AGGRESSIVE;
				CLANG_CXX_LANGUAGE_STANDARD = "gnu++17";
				CLANG_ENABLE_MODULES = YES;
				CLANG_ENABLE_OBJC_ARC = YES;
				CLANG_ENABLE_OBJC_WEAK = YES;
				CLANG_WARN_BLOCK_CAPTURE_AUTORELEASING = YES;
				CLANG_WARN_BOOL_CONVERSION = YES;
				CLANG_WARN_COMMA = YES;
				CLANG_WARN_CONSTANT_CONVERSION = YES;
				CLANG_WARN_DEPRECATED_OBJC_IMPLEMENTATIONS = YES;
				CLANG_WARN_DIRECT_OBJC_ISA_USAGE = YES_ERROR;
				CLANG_WARN_DOCUMENTATION_COMMENTS = YES;
				CLANG_WARN_EMPTY_BODY = YES;
				CLANG_WARN_ENUM_CONVERSION = YES;
				CLANG_WARN_INFINITE_RECURSION = YES;
				CLANG_WARN_INT_CONVERSION = YES;
				CLANG_WARN_NON_LITERAL_NULL_CONVERSION = YES;
				CLANG_WARN_OBJC_IMPLICIT_RETAIN_SELF = YES;
				CLANG_WARN_OBJC_LITERAL_CONVERSION = YES;
				CLANG_WARN_OBJC_ROOT_CLASS = YES_ERROR;
				CLANG_WARN_QUOTED_INCLUDE_IN_FRAMEWORK_HEADER = YES;
				CLANG_WARN_RANGE_LOOP_ANALYSIS = YES;
				CLANG_WARN_STRICT_PROTOTYPES = YES;
				CLANG_WARN_SUSPICIOUS_MOVE = YES;
				CLANG_WARN_UNGUARDED_AVAILABILITY = YES_AGGRESSIVE;
				CLANG_WARN_UNREACHABLE_CODE = YES;
				CLANG_WARN__DUPLICATE_METHOD_MATCH = YES;
				COPY_PHASE_STRIP = NO;
				DEBUG_INFORMATION_FORMAT = dwarf;
				ENABLE_STRICT_OBJC_MSGSEND = YES;
				ENABLE_TESTABILITY = YES;
				GCC_C_LANGUAGE_STANDARD = gnu11;
				GCC_DYNAMIC_NO_PIC = NO;
				GCC_NO_COMMON_BLOCKS = YES;
				GCC_OPTIMIZATION_LEVEL = 0;
				GCC_PREPROCESSOR_DEFINITIONS = (
					"DEBUG=1",
					"$(inherited)",
				);
				GCC_WARN_64_TO_32_BIT_CONVERSION = YES;
				GCC_WARN_ABOUT_RETURN_TYPE = YES_ERROR;
				GCC_WARN_UNDECLARED_SELECTOR = YES;
				GCC_WARN_UNINITIALIZED_AUTOS = YES_AGGRESSIVE;
				GCC_WARN_UNUSED_FUNCTION = YES;
				GCC_WARN_UNUSED_VARIABLE = YES;
				IPHONEOS_DEPLOYMENT_TARGET = 15.5;
				MTL_ENABLE_DEBUG_INFO = INCLUDE_SOURCE;
				MTL_FAST_MATH = YES;
				ONLY_ACTIVE_ARCH = YES;
				SDKROOT = iphoneos;
				SWIFT_ACTIVE_COMPILATION_CONDITIONS = DEBUG;
				SWIFT_OPTIMIZATION_LEVEL = "-Onone";
			};
			name = Debug;
		};
		BF985D1028AA24D6001E4857 /* Release */ = {
			isa = XCBuildConfiguration;
			buildSettings = {
				ALWAYS_SEARCH_USER_PATHS = NO;
				CLANG_ANALYZER_NONNULL = YES;
				CLANG_ANALYZER_NUMBER_OBJECT_CONVERSION = YES_AGGRESSIVE;
				CLANG_CXX_LANGUAGE_STANDARD = "gnu++17";
				CLANG_ENABLE_MODULES = YES;
				CLANG_ENABLE_OBJC_ARC = YES;
				CLANG_ENABLE_OBJC_WEAK = YES;
				CLANG_WARN_BLOCK_CAPTURE_AUTORELEASING = YES;
				CLANG_WARN_BOOL_CONVERSION = YES;
				CLANG_WARN_COMMA = YES;
				CLANG_WARN_CONSTANT_CONVERSION = YES;
				CLANG_WARN_DEPRECATED_OBJC_IMPLEMENTATIONS = YES;
				CLANG_WARN_DIRECT_OBJC_ISA_USAGE = YES_ERROR;
				CLANG_WARN_DOCUMENTATION_COMMENTS = YES;
				CLANG_WARN_EMPTY_BODY = YES;
				CLANG_WARN_ENUM_CONVERSION = YES;
				CLANG_WARN_INFINITE_RECURSION = YES;
				CLANG_WARN_INT_CONVERSION = YES;
				CLANG_WARN_NON_LITERAL_NULL_CONVERSION = YES;
				CLANG_WARN_OBJC_IMPLICIT_RETAIN_SELF = YES;
				CLANG_WARN_OBJC_LITERAL_CONVERSION = YES;
				CLANG_WARN_OBJC_ROOT_CLASS = YES_ERROR;
				CLANG_WARN_QUOTED_INCLUDE_IN_FRAMEWORK_HEADER = YES;
				CLANG_WARN_RANGE_LOOP_ANALYSIS = YES;
				CLANG_WARN_STRICT_PROTOTYPES = YES;
				CLANG_WARN_SUSPICIOUS_MOVE = YES;
				CLANG_WARN_UNGUARDED_AVAILABILITY = YES_AGGRESSIVE;
				CLANG_WARN_UNREACHABLE_CODE = YES;
				CLANG_WARN__DUPLICATE_METHOD_MATCH = YES;
				COPY_PHASE_STRIP = NO;
				DEBUG_INFORMATION_FORMAT = "dwarf-with-dsym";
				ENABLE_NS_ASSERTIONS = NO;
				ENABLE_STRICT_OBJC_MSGSEND = YES;
				GCC_C_LANGUAGE_STANDARD = gnu11;
				GCC_NO_COMMON_BLOCKS = YES;
				GCC_WARN_64_TO_32_BIT_CONVERSION = YES;
				GCC_WARN_ABOUT_RETURN_TYPE = YES_ERROR;
				GCC_WARN_UNDECLARED_SELECTOR = YES;
				GCC_WARN_UNINITIALIZED_AUTOS = YES_AGGRESSIVE;
				GCC_WARN_UNUSED_FUNCTION = YES;
				GCC_WARN_UNUSED_VARIABLE = YES;
				IPHONEOS_DEPLOYMENT_TARGET = 15.5;
				MTL_ENABLE_DEBUG_INFO = NO;
				MTL_FAST_MATH = YES;
				SDKROOT = iphoneos;
				SWIFT_COMPILATION_MODE = wholemodule;
				SWIFT_OPTIMIZATION_LEVEL = "-O";
				VALIDATE_PRODUCT = YES;
			};
			name = Release;
		};
		BF985D1228AA24D6001E4857 /* Debug */ = {
			isa = XCBuildConfiguration;
			buildSettings = {
				ASSETCATALOG_COMPILER_APPICON_NAME = AppIcon;
				ASSETCATALOG_COMPILER_GLOBAL_ACCENT_COLOR_NAME = AccentColor;
				ASSETCATALOG_COMPILER_INCLUDE_ALL_APPICON_ASSETS = YES;
				CODE_SIGN_STYLE = Automatic;
				CURRENT_PROJECT_VERSION = 1;
				DEVELOPMENT_TEAM = 7WULLR98GP;
				GENERATE_INFOPLIST_FILE = YES;
				INFOPLIST_FILE = SimpleBMI/Info.plist;
				INFOPLIST_KEY_UIApplicationSupportsIndirectInputEvents = YES;
				INFOPLIST_KEY_UILaunchStoryboardName = LaunchScreen;
				INFOPLIST_KEY_UIMainStoryboardFile = Main;
				INFOPLIST_KEY_UISupportedInterfaceOrientations_iPad = "UIInterfaceOrientationPortrait UIInterfaceOrientationPortraitUpsideDown UIInterfaceOrientationLandscapeLeft UIInterfaceOrientationLandscapeRight";
				INFOPLIST_KEY_UISupportedInterfaceOrientations_iPhone = "UIInterfaceOrientationPortrait UIInterfaceOrientationLandscapeLeft UIInterfaceOrientationLandscapeRight";
				INFOPLIST_KEY_UIUserInterfaceStyle = light;
				IPHONEOS_DEPLOYMENT_TARGET = 15.5;
				LD_RUNPATH_SEARCH_PATHS = (
					"$(inherited)",
					"@executable_path/Frameworks",
				);
				MARKETING_VERSION = 1.0;
				PRODUCT_BUNDLE_IDENTIFIER = kr.devHuni.SimpleBMI;
				PRODUCT_NAME = "$(TARGET_NAME)";
				SWIFT_EMIT_LOC_STRINGS = YES;
				SWIFT_VERSION = 5.0;
				TARGETED_DEVICE_FAMILY = "1,2";
			};
			name = Debug;
		};
		BF985D1328AA24D6001E4857 /* Release */ = {
			isa = XCBuildConfiguration;
			buildSettings = {
				ASSETCATALOG_COMPILER_APPICON_NAME = AppIcon;
				ASSETCATALOG_COMPILER_GLOBAL_ACCENT_COLOR_NAME = AccentColor;
				ASSETCATALOG_COMPILER_INCLUDE_ALL_APPICON_ASSETS = YES;
				CODE_SIGN_STYLE = Automatic;
				CURRENT_PROJECT_VERSION = 1;
				DEVELOPMENT_TEAM = 7WULLR98GP;
				GENERATE_INFOPLIST_FILE = YES;
				INFOPLIST_FILE = SimpleBMI/Info.plist;
				INFOPLIST_KEY_UIApplicationSupportsIndirectInputEvents = YES;
				INFOPLIST_KEY_UILaunchStoryboardName = LaunchScreen;
				INFOPLIST_KEY_UIMainStoryboardFile = Main;
				INFOPLIST_KEY_UISupportedInterfaceOrientations_iPad = "UIInterfaceOrientationPortrait UIInterfaceOrientationPortraitUpsideDown UIInterfaceOrientationLandscapeLeft UIInterfaceOrientationLandscapeRight";
				INFOPLIST_KEY_UISupportedInterfaceOrientations_iPhone = "UIInterfaceOrientationPortrait UIInterfaceOrientationLandscapeLeft UIInterfaceOrientationLandscapeRight";
				INFOPLIST_KEY_UIUserInterfaceStyle = light;
				IPHONEOS_DEPLOYMENT_TARGET = 15.5;
				LD_RUNPATH_SEARCH_PATHS = (
					"$(inherited)",
					"@executable_path/Frameworks",
				);
				MARKETING_VERSION = 1.0;
				PRODUCT_BUNDLE_IDENTIFIER = kr.devHuni.SimpleBMI;
				PRODUCT_NAME = "$(TARGET_NAME)";
				SWIFT_EMIT_LOC_STRINGS = YES;
				SWIFT_VERSION = 5.0;
				TARGETED_DEVICE_FAMILY = "1,2";
			};
			name = Release;
		};
/* End XCBuildConfiguration section */

/* Begin XCConfigurationList section */
		BF985CF828AA24D5001E4857 /* Build configuration list for PBXProject "SimpleBMI" */ = {
			isa = XCConfigurationList;
			buildConfigurations = (
				BF985D0F28AA24D6001E4857 /* Debug */,
				BF985D1028AA24D6001E4857 /* Release */,
			);
			defaultConfigurationIsVisible = 0;
			defaultConfigurationName = Release;
		};
		BF985D1128AA24D6001E4857 /* Build configuration list for PBXNativeTarget "SimpleBMI" */ = {
			isa = XCConfigurationList;
			buildConfigurations = (
				BF985D1228AA24D6001E4857 /* Debug */,
				BF985D1328AA24D6001E4857 /* Release */,
			);
			defaultConfigurationIsVisible = 0;
			defaultConfigurationName = Release;
		};
/* End XCConfigurationList section */
	};
	rootObject = BF985CF528AA24D5001E4857 /* Project object */;
}
